
Microsoft Visual Studio Solution File, Format Version 12.00
# Visual Studio Version 17
VisualStudioVersion = 17.5.33414.496
MinimumVisualStudioVersion = 10.0.40219.1
Project("{FAE04EC0-301F-11D3-BF4B-00C04F79EFBC}") = "tpmodul9_1302210036", "tpmodul9_1302210036.csproj", "{1C679CA7-EE13-4A49-BF13-C0C8468197DC}"
EndProject
Global
	GlobalSection(SolutionConfigurationPlatforms) = preSolution
		Debug|Any CPU = Debug|Any CPU
		Release|Any CPU = Release|Any CPU
	EndGlobalSection
	GlobalSection(ProjectConfigurationPlatforms) = postSolution
		{1C679CA7-EE13-4A49-BF13-C0C8468197DC}.Debug|Any CPU.ActiveCfg = Debug|Any CPU
		{1C679CA7-EE13-4A49-BF13-C0C8468197DC}.Debug|Any CPU.Build.0 = Debug|Any CPU
		{1C679CA7-EE13-4A49-BF13-C0C8468197DC}.Release|Any CPU.ActiveCfg = Release|Any CPU
		{1C679CA7-EE13-4A49-BF13-C0C8468197DC}.Release|Any CPU.Build.0 = Release|Any CPU
	EndGlobalSection
	GlobalSection(SolutionProperties) = preSolution
		HideSolutionNode = FALSE
	EndGlobalSection
	GlobalSection(ExtensibilityGlobals) = postSolution
		SolutionGuid = {BE24C80C-CAE6-4A61-91A0-71A521FBA117}
	EndGlobalSection
EndGlobal
